
Microsoft Visual Studio Solution File, Format Version 12.00
# Visual Studio Version 17
VisualStudioVersion = 17.0.31903.59
MinimumVisualStudioVersion = 10.0.40219.1
Project("{FAE04EC0-301F-11D3-BF4B-00C04F79EFBC}") = "ApiGateway", "ApiGateway\ApiGateway.csproj", "{0216BDEE-24FE-440F-98C3-EAF76DFABE1D}"
EndProject
Project("{FAE04EC0-301F-11D3-BF4B-00C04F79EFBC}") = "MicroservicoEstoque", "MicroservicoEstoque\MicroservicoEstoque.csproj", "{C53FA372-CBB2-448E-BF08-9C93519C6C5C}"
EndProject
Project("{FAE04EC0-301F-11D3-BF4B-00C04F79EFBC}") = "MicroservicoVendas", "MicroservicoVendas\MicroservicoVendas.csproj", "{56B8673F-77B1-48E3-B4D4-8D42FB57970F}"
EndProject
Global
	GlobalSection(SolutionConfigurationPlatforms) = preSolution
		Debug|Any CPU = Debug|Any CPU
		Debug|x64 = Debug|x64
		Debug|x86 = Debug|x86
		Release|Any CPU = Release|Any CPU
		Release|x64 = Release|x64
		Release|x86 = Release|x86
	EndGlobalSection
	GlobalSection(ProjectConfigurationPlatforms) = postSolution
		{0216BDEE-24FE-440F-98C3-EAF76DFABE1D}.Debug|Any CPU.ActiveCfg = Debug|Any CPU
		{0216BDEE-24FE-440F-98C3-EAF76DFABE1D}.Debug|Any CPU.Build.0 = Debug|Any CPU
		{0216BDEE-24FE-440F-98C3-EAF76DFABE1D}.Debug|x64.ActiveCfg = Debug|Any CPU
		{0216BDEE-24FE-440F-98C3-EAF76DFABE1D}.Debug|x64.Build.0 = Debug|Any CPU
		{0216BDEE-24FE-440F-98C3-EAF76DFABE1D}.Debug|x86.ActiveCfg = Debug|Any CPU
		{0216BDEE-24FE-440F-98C3-EAF76DFABE1D}.Debug|x86.Build.0 = Debug|Any CPU
		{0216BDEE-24FE-440F-98C3-EAF76DFABE1D}.Release|Any CPU.ActiveCfg = Release|Any CPU
		{0216BDEE-24FE-440F-98C3-EAF76DFABE1D}.Release|Any CPU.Build.0 = Release|Any CPU
		{0216BDEE-24FE-440F-98C3-EAF76DFABE1D}.Release|x64.ActiveCfg = Release|Any CPU
		{0216BDEE-24FE-440F-98C3-EAF76DFABE1D}.Release|x64.Build.0 = Release|Any CPU
		{0216BDEE-24FE-440F-98C3-EAF76DFABE1D}.Release|x86.ActiveCfg = Release|Any CPU
		{0216BDEE-24FE-440F-98C3-EAF76DFABE1D}.Release|x86.Build.0 = Release|Any CPU
		{C53FA372-CBB2-448E-BF08-9C93519C6C5C}.Debug|Any CPU.ActiveCfg = Debug|Any CPU
		{C53FA372-CBB2-448E-BF08-9C93519C6C5C}.Debug|Any CPU.Build.0 = Debug|Any CPU
		{C53FA372-CBB2-448E-BF08-9C93519C6C5C}.Debug|x64.ActiveCfg = Debug|Any CPU
		{C53FA372-CBB2-448E-BF08-9C93519C6C5C}.Debug|x64.Build.0 = Debug|Any CPU
		{C53FA372-CBB2-448E-BF08-9C93519C6C5C}.Debug|x86.ActiveCfg = Debug|Any CPU
		{C53FA372-CBB2-448E-BF08-9C93519C6C5C}.Debug|x86.Build.0 = Debug|Any CPU
		{C53FA372-CBB2-448E-BF08-9C93519C6C5C}.Release|Any CPU.ActiveCfg = Release|Any CPU
		{C53FA372-CBB2-448E-BF08-9C93519C6C5C}.Release|Any CPU.Build.0 = Release|Any CPU
		{C53FA372-CBB2-448E-BF08-9C93519C6C5C}.Release|x64.ActiveCfg = Release|Any CPU
		{C53FA372-CBB2-448E-BF08-9C93519C6C5C}.Release|x64.Build.0 = Release|Any CPU
		{C53FA372-CBB2-448E-BF08-9C93519C6C5C}.Release|x86.ActiveCfg = Release|Any CPU
		{C53FA372-CBB2-448E-BF08-9C93519C6C5C}.Release|x86.Build.0 = Release|Any CPU
		{56B8673F-77B1-48E3-B4D4-8D42FB57970F}.Debug|Any CPU.ActiveCfg = Debug|Any CPU
		{56B8673F-77B1-48E3-B4D4-8D42FB57970F}.Debug|Any CPU.Build.0 = Debug|Any CPU
		{56B8673F-77B1-48E3-B4D4-8D42FB57970F}.Debug|x64.ActiveCfg = Debug|Any CPU
		{56B8673F-77B1-48E3-B4D4-8D42FB57970F}.Debug|x64.Build.0 = Debug|Any CPU
		{56B8673F-77B1-48E3-B4D4-8D42FB57970F}.Debug|x86.ActiveCfg = Debug|Any CPU
		{56B8673F-77B1-48E3-B4D4-8D42FB57970F}.Debug|x86.Build.0 = Debug|Any CPU
		{56B8673F-77B1-48E3-B4D4-8D42FB57970F}.Release|Any CPU.ActiveCfg = Release|Any CPU
		{56B8673F-77B1-48E3-B4D4-8D42FB57970F}.Release|Any CPU.Build.0 = Release|Any CPU
		{56B8673F-77B1-48E3-B4D4-8D42FB57970F}.Release|x64.ActiveCfg = Release|Any CPU
		{56B8673F-77B1-48E3-B4D4-8D42FB57970F}.Release|x64.Build.0 = Release|Any CPU
		{56B8673F-77B1-48E3-B4D4-8D42FB57970F}.Release|x86.ActiveCfg = Release|Any CPU
		{56B8673F-77B1-48E3-B4D4-8D42FB57970F}.Release|x86.Build.0 = Release|Any CPU
	EndGlobalSection
	GlobalSection(SolutionProperties) = preSolution
		HideSolutionNode = FALSE
	EndGlobalSection
EndGlobal
